
Microsoft Visual Studio Solution File, Format Version 12.00
# Visual Studio Version 17
VisualStudioVersion = 17.0.32014.148
MinimumVisualStudioVersion = 10.0.40219.1
Project("{2150E333-8FDC-42A3-9474-1A3956D46DE8}") = "1- Application", "1- Application", "{2F10084C-8D4A-45DE-9197-FB3D16E96FE2}"
EndProject
Project("{2150E333-8FDC-42A3-9474-1A3956D46DE8}") = "2- Service", "2- Service", "{DC38AE12-729F-4968-95F2-B072E2E568FC}"
EndProject
Project("{2150E333-8FDC-42A3-9474-1A3956D46DE8}") = "3- Domain", "3- Domain", "{4AEE552B-B028-4709-AA98-C7B9D90937CE}"
EndProject
Project("{2150E333-8FDC-42A3-9474-1A3956D46DE8}") = "4- Infra", "4- Infra", "{33910987-DFF4-4E82-81B1-2CA6BB6F9144}"
EndProject
Project("{2150E333-8FDC-42A3-9474-1A3956D46DE8}") = "4.1- Data", "4.1- Data", "{F5A68BB6-CFE2-4E6A-9331-2A10B2FFCD66}"
EndProject
Project("{2150E333-8FDC-42A3-9474-1A3956D46DE8}") = "4.2 - CrossCutting", "4.2 - CrossCutting", "{9E5304FB-B84F-43F2-86FC-011502FB7713}"
EndProject
Project("{FAE04EC0-301F-11D3-BF4B-00C04F79EFBC}") = "ApiReceitas", "ApiReceitas\ApiReceitas.csproj", "{8C1384AF-526C-4DCD-847B-1DD842C2685D}"
EndProject
Project("{FAE04EC0-301F-11D3-BF4B-00C04F79EFBC}") = "Data", "Data\Data.csproj", "{397E8135-3CCC-4A91-8862-C110E4C52E12}"
EndProject
Project("{FAE04EC0-301F-11D3-BF4B-00C04F79EFBC}") = "CrossCutting", "CrossCutting\CrossCutting.csproj", "{4A1C1E23-9C36-41F5-8CCD-0F6336EF4725}"
EndProject
Project("{FAE04EC0-301F-11D3-BF4B-00C04F79EFBC}") = "Domain", "Domain\Domain.csproj", "{94C7513F-D100-4DF0-801F-80673D4536D9}"
EndProject
Project("{FAE04EC0-301F-11D3-BF4B-00C04F79EFBC}") = "Service", "Service\Service.csproj", "{FE0B289A-CB37-4EAD-B87C-A50D7155F19E}"
EndProject
Global
	GlobalSection(SolutionConfigurationPlatforms) = preSolution
		Debug|Any CPU = Debug|Any CPU
		Release|Any CPU = Release|Any CPU
	EndGlobalSection
	GlobalSection(ProjectConfigurationPlatforms) = postSolution
		{8C1384AF-526C-4DCD-847B-1DD842C2685D}.Debug|Any CPU.ActiveCfg = Debug|Any CPU
		{8C1384AF-526C-4DCD-847B-1DD842C2685D}.Debug|Any CPU.Build.0 = Debug|Any CPU
		{8C1384AF-526C-4DCD-847B-1DD842C2685D}.Release|Any CPU.ActiveCfg = Release|Any CPU
		{8C1384AF-526C-4DCD-847B-1DD842C2685D}.Release|Any CPU.Build.0 = Release|Any CPU
		{397E8135-3CCC-4A91-8862-C110E4C52E12}.Debug|Any CPU.ActiveCfg = Debug|Any CPU
		{397E8135-3CCC-4A91-8862-C110E4C52E12}.Debug|Any CPU.Build.0 = Debug|Any CPU
		{397E8135-3CCC-4A91-8862-C110E4C52E12}.Release|Any CPU.ActiveCfg = Release|Any CPU
		{397E8135-3CCC-4A91-8862-C110E4C52E12}.Release|Any CPU.Build.0 = Release|Any CPU
		{4A1C1E23-9C36-41F5-8CCD-0F6336EF4725}.Debug|Any CPU.ActiveCfg = Debug|Any CPU
		{4A1C1E23-9C36-41F5-8CCD-0F6336EF4725}.Debug|Any CPU.Build.0 = Debug|Any CPU
		{4A1C1E23-9C36-41F5-8CCD-0F6336EF4725}.Release|Any CPU.ActiveCfg = Release|Any CPU
		{4A1C1E23-9C36-41F5-8CCD-0F6336EF4725}.Release|Any CPU.Build.0 = Release|Any CPU
		{94C7513F-D100-4DF0-801F-80673D4536D9}.Debug|Any CPU.ActiveCfg = Debug|Any CPU
		{94C7513F-D100-4DF0-801F-80673D4536D9}.Debug|Any CPU.Build.0 = Debug|Any CPU
		{94C7513F-D100-4DF0-801F-80673D4536D9}.Release|Any CPU.ActiveCfg = Release|Any CPU
		{94C7513F-D100-4DF0-801F-80673D4536D9}.Release|Any CPU.Build.0 = Release|Any CPU
		{FE0B289A-CB37-4EAD-B87C-A50D7155F19E}.Debug|Any CPU.ActiveCfg = Debug|Any CPU
		{FE0B289A-CB37-4EAD-B87C-A50D7155F19E}.Debug|Any CPU.Build.0 = Debug|Any CPU
		{FE0B289A-CB37-4EAD-B87C-A50D7155F19E}.Release|Any CPU.ActiveCfg = Release|Any CPU
		{FE0B289A-CB37-4EAD-B87C-A50D7155F19E}.Release|Any CPU.Build.0 = Release|Any CPU
	EndGlobalSection
	GlobalSection(SolutionProperties) = preSolution
		HideSolutionNode = FALSE
	EndGlobalSection
	GlobalSection(NestedProjects) = preSolution
		{F5A68BB6-CFE2-4E6A-9331-2A10B2FFCD66} = {33910987-DFF4-4E82-81B1-2CA6BB6F9144}
		{9E5304FB-B84F-43F2-86FC-011502FB7713} = {33910987-DFF4-4E82-81B1-2CA6BB6F9144}
		{8C1384AF-526C-4DCD-847B-1DD842C2685D} = {2F10084C-8D4A-45DE-9197-FB3D16E96FE2}
		{397E8135-3CCC-4A91-8862-C110E4C52E12} = {F5A68BB6-CFE2-4E6A-9331-2A10B2FFCD66}
		{4A1C1E23-9C36-41F5-8CCD-0F6336EF4725} = {9E5304FB-B84F-43F2-86FC-011502FB7713}
		{94C7513F-D100-4DF0-801F-80673D4536D9} = {4AEE552B-B028-4709-AA98-C7B9D90937CE}
		{FE0B289A-CB37-4EAD-B87C-A50D7155F19E} = {DC38AE12-729F-4968-95F2-B072E2E568FC}
	EndGlobalSection
	GlobalSection(ExtensibilityGlobals) = postSolution
		SolutionGuid = {24713D76-F682-4C9E-9439-EB73A0E00529}
	EndGlobalSection
EndGlobal
